
Microsoft Visual Studio Solution File, Format Version 12.00
# Visual Studio Version 17
VisualStudioVersion = 17.3.32929.385
MinimumVisualStudioVersion = 10.0.40219.1
Project("{FAE04EC0-301F-11D3-BF4B-00C04F79EFBC}") = "Bookmaster", "Bookmaster.csproj", "{50EE313B-463B-4DD0-AF7E-24D91F877FF5}"
EndProject
Global
	GlobalSection(SolutionConfigurationPlatforms) = preSolution
		Debug|Any CPU = Debug|Any CPU
		Release|Any CPU = Release|Any CPU
	EndGlobalSection
	GlobalSection(ProjectConfigurationPlatforms) = postSolution
		{50EE313B-463B-4DD0-AF7E-24D91F877FF5}.Debug|Any CPU.ActiveCfg = Debug|Any CPU
		{50EE313B-463B-4DD0-AF7E-24D91F877FF5}.Debug|Any CPU.Build.0 = Debug|Any CPU
		{50EE313B-463B-4DD0-AF7E-24D91F877FF5}.Release|Any CPU.ActiveCfg = Release|Any CPU
		{50EE313B-463B-4DD0-AF7E-24D91F877FF5}.Release|Any CPU.Build.0 = Release|Any CPU
	EndGlobalSection
	GlobalSection(SolutionProperties) = preSolution
		HideSolutionNode = FALSE
	EndGlobalSection
	GlobalSection(ExtensibilityGlobals) = postSolution
		SolutionGuid = {20AA9C28-A656-4F35-924C-7E16FEFB21C5}
	EndGlobalSection
EndGlobal
